// !$*UTF8*$!
{
	archiveVersion = 1;
	classes = {
	};
	objectVersion = 46;
	objects = {

/* Begin PBXBuildFile section */
		AB06DC741C23844C0050394B /* AppDelegate.swift in Sources */ = {isa = PBXBuildFile; fileRef = AB06DC731C23844C0050394B /* AppDelegate.swift */; };
		AB06DC761C23844C0050394B /* Assets.xcassets in Resources */ = {isa = PBXBuildFile; fileRef = AB06DC751C23844C0050394B /* Assets.xcassets */; };
		AB06DC791C23844C0050394B /* MainMenu.xib in Resources */ = {isa = PBXBuildFile; fileRef = AB06DC771C23844C0050394B /* MainMenu.xib */; };
		AB06DC851C23BBD30050394B /* ScheduleManager.swift in Sources */ = {isa = PBXBuildFile; fileRef = AB06DC841C23BBD30050394B /* ScheduleManager.swift */; };
		AB06DC871C23BC3D0050394B /* fallbackDatabase.json in Resources */ = {isa = PBXBuildFile; fileRef = AB06DC861C23BC3D0050394B /* fallbackDatabase.json */; };
		AB06DC891C23BFDC0050394B /* DataObjects.swift in Sources */ = {isa = PBXBuildFile; fileRef = AB06DC881C23BFDC0050394B /* DataObjects.swift */; };
		ABAC8F3E1C265AC80083E16A /* PreferencesWindowController.swift in Sources */ = {isa = PBXBuildFile; fileRef = ABAC8F3C1C265AC80083E16A /* PreferencesWindowController.swift */; };
		ABAC8F3F1C265AC80083E16A /* PreferencesWindowController.xib in Resources */ = {isa = PBXBuildFile; fileRef = ABAC8F3D1C265AC80083E16A /* PreferencesWindowController.xib */; };
		ABF7C2A31C27ACC70045808F /* osxLaunchAtStartup.swift in Sources */ = {isa = PBXBuildFile; fileRef = ABF7C2A21C27ACC70045808F /* osxLaunchAtStartup.swift */; };
/* End PBXBuildFile section */

/* Begin PBXFileReference section */
		AB06DC701C23844B0050394B /* BearMac.app */ = {isa = PBXFileReference; explicitFileType = wrapper.application; includeInIndex = 0; path = BearMac.app; sourceTree = BUILT_PRODUCTS_DIR; };
		AB06DC731C23844C0050394B /* AppDelegate.swift */ = {isa = PBXFileReference; lastKnownFileType = sourcecode.swift; path = AppDelegate.swift; sourceTree = "<group>"; };
		AB06DC751C23844C0050394B /* Assets.xcassets */ = {isa = PBXFileReference; lastKnownFileType = folder.assetcatalog; path = Assets.xcassets; sourceTree = "<group>"; };
		AB06DC781C23844C0050394B /* Base */ = {isa = PBXFileReference; lastKnownFileType = file.xib; name = Base; path = Base.lproj/MainMenu.xib; sourceTree = "<group>"; };
		AB06DC7A1C23844C0050394B /* Info.plist */ = {isa = PBXFileReference; lastKnownFileType = text.plist.xml; path = Info.plist; sourceTree = "<group>"; };
		AB06DC841C23BBD30050394B /* ScheduleManager.swift */ = {isa = PBXFileReference; fileEncoding = 4; lastKnownFileType = sourcecode.swift; path = ScheduleManager.swift; sourceTree = "<group>"; };
		AB06DC861C23BC3D0050394B /* fallbackDatabase.json */ = {isa = PBXFileReference; fileEncoding = 4; lastKnownFileType = text.json; path = fallbackDatabase.json; sourceTree = "<group>"; };
		AB06DC881C23BFDC0050394B /* DataObjects.swift */ = {isa = PBXFileReference; fileEncoding = 4; lastKnownFileType = sourcecode.swift; path = DataObjects.swift; sourceTree = "<group>"; };
		ABAC8F3C1C265AC80083E16A /* PreferencesWindowController.swift */ = {isa = PBXFileReference; fileEncoding = 4; lastKnownFileType = sourcecode.swift; path = PreferencesWindowController.swift; sourceTree = "<group>"; };
		ABAC8F3D1C265AC80083E16A /* PreferencesWindowController.xib */ = {isa = PBXFileReference; fileEncoding = 4; lastKnownFileType = file.xib; path = PreferencesWindowController.xib; sourceTree = "<group>"; };
		ABF7C2A21C27ACC70045808F /* osxLaunchAtStartup.swift */ = {isa = PBXFileReference; fileEncoding = 4; lastKnownFileType = sourcecode.swift; path = osxLaunchAtStartup.swift; sourceTree = "<group>"; };
/* End PBXFileReference section */

/* Begin PBXFrameworksBuildPhase section */
		AB06DC6D1C23844B0050394B /* Frameworks */ = {
			isa = PBXFrameworksBuildPhase;
			buildActionMask = 2147483647;
			files = (
			);
			runOnlyForDeploymentPostprocessing = 0;
		};
/* End PBXFrameworksBuildPhase section */

/* Begin PBXGroup section */
		AB06DC671C23844B0050394B = {
			isa = PBXGroup;
			children = (
				AB06DC721C23844B0050394B /* BearMac */,
				AB06DC711C23844B0050394B /* Products */,
			);
			sourceTree = "<group>";
		};
		AB06DC711C23844B0050394B /* Products */ = {
			isa = PBXGroup;
			children = (
				AB06DC701C23844B0050394B /* BearMac.app */,
			);
			name = Products;
			sourceTree = "<group>";
		};
		AB06DC721C23844B0050394B /* BearMac */ = {
			isa = PBXGroup;
			children = (
				ABF7C2A21C27ACC70045808F /* osxLaunchAtStartup.swift */,
				AB06DC731C23844C0050394B /* AppDelegate.swift */,
				AB06DC881C23BFDC0050394B /* DataObjects.swift */,
				AB06DC841C23BBD30050394B /* ScheduleManager.swift */,
				ABAC8F3C1C265AC80083E16A /* PreferencesWindowController.swift */,
				ABAC8F3D1C265AC80083E16A /* PreferencesWindowController.xib */,
				AB06DC751C23844C0050394B /* Assets.xcassets */,
				AB06DC771C23844C0050394B /* MainMenu.xib */,
				AB06DC7A1C23844C0050394B /* Info.plist */,
				AB06DC861C23BC3D0050394B /* fallbackDatabase.json */,
			);
			path = BearMac;
			sourceTree = "<group>";
		};
/* End PBXGroup section */

/* Begin PBXNativeTarget section */
		AB06DC6F1C23844B0050394B /* BearMac */ = {
			isa = PBXNativeTarget;
			buildConfigurationList = AB06DC7D1C23844C0050394B /* Build configuration list for PBXNativeTarget "BearMac" */;
			buildPhases = (
				AB06DC6C1C23844B0050394B /* Sources */,
				AB06DC6D1C23844B0050394B /* Frameworks */,
				AB06DC6E1C23844B0050394B /* Resources */,
			);
			buildRules = (
			);
			dependencies = (
			);
			name = BearMac;
			productName = BearMac;
			productReference = AB06DC701C23844B0050394B /* BearMac.app */;
			productType = "com.apple.product-type.application";
		};
/* End PBXNativeTarget section */

/* Begin PBXProject section */
		AB06DC681C23844B0050394B /* Project object */ = {
			isa = PBXProject;
			attributes = {
				LastSwiftUpdateCheck = 0720;
				LastUpgradeCheck = 0720;
				ORGANIZATIONNAME = FooBear;
				TargetAttributes = {
					AB06DC6F1C23844B0050394B = {
						CreatedOnToolsVersion = 7.2;
					};
				};
			};
			buildConfigurationList = AB06DC6B1C23844B0050394B /* Build configuration list for PBXProject "BearMac" */;
			compatibilityVersion = "Xcode 3.2";
			developmentRegion = English;
			hasScannedForEncodings = 0;
			knownRegions = (
				en,
				Base,
			);
			mainGroup = AB06DC671C23844B0050394B;
			productRefGroup = AB06DC711C23844B0050394B /* Products */;
			projectDirPath = "";
			projectRoot = "";
			targets = (
				AB06DC6F1C23844B0050394B /* BearMac */,
			);
		};
/* End PBXProject section */

/* Begin PBXResourcesBuildPhase section */
		AB06DC6E1C23844B0050394B /* Resources */ = {
			isa = PBXResourcesBuildPhase;
			buildActionMask = 2147483647;
			files = (
				AB06DC761C23844C0050394B /* Assets.xcassets in Resources */,
				AB06DC871C23BC3D0050394B /* fallbackDatabase.json in Resources */,
				ABAC8F3F1C265AC80083E16A /* PreferencesWindowController.xib in Resources */,
				AB06DC791C23844C0050394B /* MainMenu.xib in Resources */,
			);
			runOnlyForDeploymentPostprocessing = 0;
		};
/* End PBXResourcesBuildPhase section */

/* Begin PBXSourcesBuildPhase section */
		AB06DC6C1C23844B0050394B /* Sources */ = {
			isa = PBXSourcesBuildPhase;
			buildActionMask = 2147483647;
			files = (
				ABF7C2A31C27ACC70045808F /* osxLaunchAtStartup.swift in Sources */,
				AB06DC851C23BBD30050394B /* ScheduleManager.swift in Sources */,
				AB06DC891C23BFDC0050394B /* DataObjects.swift in Sources */,
				ABAC8F3E1C265AC80083E16A /* PreferencesWindowController.swift in Sources */,
				AB06DC741C23844C0050394B /* AppDelegate.swift in Sources */,
			);
			runOnlyForDeploymentPostprocessing = 0;
		};
/* End PBXSourcesBuildPhase section */

/* Begin PBXVariantGroup section */
		AB06DC771C23844C0050394B /* MainMenu.xib */ = {
			isa = PBXVariantGroup;
			children = (
				AB06DC781C23844C0050394B /* Base */,
			);
			name = MainMenu.xib;
			sourceTree = "<group>";
		};
/* End PBXVariantGroup section */

/* Begin XCBuildConfiguration section */
		AB06DC7B1C23844C0050394B /* Debug */ = {
			isa = XCBuildConfiguration;
			buildSettings = {
				ALWAYS_SEARCH_USER_PATHS = NO;
				CLANG_CXX_LANGUAGE_STANDARD = "gnu++0x";
				CLANG_CXX_LIBRARY = "libc++";
				CLANG_ENABLE_MODULES = YES;
				CLANG_ENABLE_OBJC_ARC = YES;
				CLANG_WARN_BOOL_CONVERSION = YES;
				CLANG_WARN_CONSTANT_CONVERSION = YES;
				CLANG_WARN_DIRECT_OBJC_ISA_USAGE = YES_ERROR;
				CLANG_WARN_EMPTY_BODY = YES;
				CLANG_WARN_ENUM_CONVERSION = YES;
				CLANG_WARN_INT_CONVERSION = YES;
				CLANG_WARN_OBJC_ROOT_CLASS = YES_ERROR;
				CLANG_WARN_UNREACHABLE_CODE = YES;
				CLANG_WARN__DUPLICATE_METHOD_MATCH = YES;
				CODE_SIGN_IDENTITY = "-";
				COPY_PHASE_STRIP = NO;
				DEBUG_INFORMATION_FORMAT = dwarf;
				ENABLE_STRICT_OBJC_MSGSEND = YES;
				ENABLE_TESTABILITY = YES;
				GCC_C_LANGUAGE_STANDARD = gnu99;
				GCC_DYNAMIC_NO_PIC = NO;
				GCC_NO_COMMON_BLOCKS = YES;
				GCC_OPTIMIZATION_LEVEL = 0;
				GCC_PREPROCESSOR_DEFINITIONS = (
					"DEBUG=1",
					"$(inherited)",
				);
				GCC_WARN_64_TO_32_BIT_CONVERSION = YES;
				GCC_WARN_ABOUT_RETURN_TYPE = YES_ERROR;
				GCC_WARN_UNDECLARED_SELECTOR = YES;
				GCC_WARN_UNINITIALIZED_AUTOS = YES_AGGRESSIVE;
				GCC_WARN_UNUSED_FUNCTION = YES;
				GCC_WARN_UNUSED_VARIABLE = YES;
				MACOSX_DEPLOYMENT_TARGET = 10.11;
				MTL_ENABLE_DEBUG_INFO = YES;
				ONLY_ACTIVE_ARCH = YES;
				SDKROOT = macosx;
				SWIFT_OPTIMIZATION_LEVEL = "-Onone";
			};
			name = Debug;
		};
		AB06DC7C1C23844C0050394B /* Release */ = {
			isa = XCBuildConfiguration;
			buildSettings = {
				ALWAYS_SEARCH_USER_PATHS = NO;
				CLANG_CXX_LANGUAGE_STANDARD = "gnu++0x";
				CLANG_CXX_LIBRARY = "libc++";
				CLANG_ENABLE_MODULES = YES;
				CLANG_ENABLE_OBJC_ARC = YES;
				CLANG_WARN_BOOL_CONVERSION = YES;
				CLANG_WARN_CONSTANT_CONVERSION = YES;
				CLANG_WARN_DIRECT_OBJC_ISA_USAGE = YES_ERROR;
				CLANG_WARN_EMPTY_BODY = YES;
				CLANG_WARN_ENUM_CONVERSION = YES;
				CLANG_WARN_INT_CONVERSION = YES;
				CLANG_WARN_OBJC_ROOT_CLASS = YES_ERROR;
				CLANG_WARN_UNREACHABLE_CODE = YES;
				CLANG_WARN__DUPLICATE_METHOD_MATCH = YES;
				CODE_SIGN_IDENTITY = "-";
				COPY_PHASE_STRIP = NO;
				DEBUG_INFORMATION_FORMAT = "dwarf-with-dsym";
				ENABLE_NS_ASSERTIONS = NO;
				ENABLE_STRICT_OBJC_MSGSEND = YES;
				GCC_C_LANGUAGE_STANDARD = gnu99;
				GCC_NO_COMMON_BLOCKS = YES;
				GCC_WARN_64_TO_32_BIT_CONVERSION = YES;
				GCC_WARN_ABOUT_RETURN_TYPE = YES_ERROR;
				GCC_WARN_UNDECLARED_SELECTOR = YES;
				GCC_WARN_UNINITIALIZED_AUTOS = YES_AGGRESSIVE;
				GCC_WARN_UNUSED_FUNCTION = YES;
				GCC_WARN_UNUSED_VARIABLE = YES;
				MACOSX_DEPLOYMENT_TARGET = 10.11;
				MTL_ENABLE_DEBUG_INFO = NO;
				SDKROOT = macosx;
			};
			name = Release;
		};
		AB06DC7E1C23844C0050394B /* Debug */ = {
			isa = XCBuildConfiguration;
			buildSettings = {
				ASSETCATALOG_COMPILER_APPICON_NAME = AppIcon;
				COMBINE_HIDPI_IMAGES = YES;
				INFOPLIST_FILE = BearMac/Info.plist;
				LD_RUNPATH_SEARCH_PATHS = "$(inherited) @executable_path/../Frameworks";
				MACOSX_DEPLOYMENT_TARGET = 10.9;
				PRODUCT_BUNDLE_IDENTIFIER = org.blakeschool.BearMac;
				PRODUCT_NAME = "$(TARGET_NAME)";
			};
			name = Debug;
		};
		AB06DC7F1C23844C0050394B /* Release */ = {
			isa = XCBuildConfiguration;
			buildSettings = {
				ASSETCATALOG_COMPILER_APPICON_NAME = AppIcon;
				COMBINE_HIDPI_IMAGES = YES;
				INFOPLIST_FILE = BearMac/Info.plist;
				LD_RUNPATH_SEARCH_PATHS = "$(inherited) @executable_path/../Frameworks";
				MACOSX_DEPLOYMENT_TARGET = 10.9;
				PRODUCT_BUNDLE_IDENTIFIER = org.blakeschool.BearMac;
				PRODUCT_NAME = "$(TARGET_NAME)";
			};
			name = Release;
		};
/* End XCBuildConfiguration section */

/* Begin XCConfigurationList section */
		AB06DC6B1C23844B0050394B /* Build configuration list for PBXProject "BearMac" */ = {
			isa = XCConfigurationList;
			buildConfigurations = (
				AB06DC7B1C23844C0050394B /* Debug */,
				AB06DC7C1C23844C0050394B /* Release */,
			);
			defaultConfigurationIsVisible = 0;
			defaultConfigurationName = Release;
		};
		AB06DC7D1C23844C0050394B /* Build configuration list for PBXNativeTarget "BearMac" */ = {
			isa = XCConfigurationList;
			buildConfigurations = (
				AB06DC7E1C23844C0050394B /* Debug */,
				AB06DC7F1C23844C0050394B /* Release */,
			);
			defaultConfigurationIsVisible = 0;
			defaultConfigurationName = Release;
		};
/* End XCConfigurationList section */
	};
	rootObject = AB06DC681C23844B0050394B /* Project object */;
}
